
Microsoft Visual Studio Solution File, Format Version 12.00
# Visual Studio Version 16
VisualStudioVersion = 16.0.30204.135
MinimumVisualStudioVersion = 10.0.40219.1
Project("{FAE04EC0-301F-11D3-BF4B-00C04F79EFBC}") = "MiniOrm.Common", "MiniOrm.Common\MiniOrm.Common.csproj", "{11C4385B-0D55-4A98-853B-FE27C25AC9B7}"
EndProject
Project("{FAE04EC0-301F-11D3-BF4B-00C04F79EFBC}") = "MiniOrm.Sql", "MiniOrm.Sql\MiniOrm.Sql.csproj", "{C154AFD7-5654-409B-B42A-5FC5D504BF52}"
EndProject
Project("{FAE04EC0-301F-11D3-BF4B-00C04F79EFBC}") = "MiniOrm.Npgsql", "MiniOrm.Npgsql\MiniOrm.Npgsql.csproj", "{F34801C9-5E8A-48B4-8C69-D85FBA03684A}"
EndProject
Global
	GlobalSection(SolutionConfigurationPlatforms) = preSolution
		Debug|Any CPU = Debug|Any CPU
		Release|Any CPU = Release|Any CPU
	EndGlobalSection
	GlobalSection(ProjectConfigurationPlatforms) = postSolution
		{11C4385B-0D55-4A98-853B-FE27C25AC9B7}.Debug|Any CPU.ActiveCfg = Debug|Any CPU
		{11C4385B-0D55-4A98-853B-FE27C25AC9B7}.Debug|Any CPU.Build.0 = Debug|Any CPU
		{11C4385B-0D55-4A98-853B-FE27C25AC9B7}.Release|Any CPU.ActiveCfg = Release|Any CPU
		{11C4385B-0D55-4A98-853B-FE27C25AC9B7}.Release|Any CPU.Build.0 = Release|Any CPU
		{C154AFD7-5654-409B-B42A-5FC5D504BF52}.Debug|Any CPU.ActiveCfg = Debug|Any CPU
		{C154AFD7-5654-409B-B42A-5FC5D504BF52}.Debug|Any CPU.Build.0 = Debug|Any CPU
		{C154AFD7-5654-409B-B42A-5FC5D504BF52}.Release|Any CPU.ActiveCfg = Release|Any CPU
		{C154AFD7-5654-409B-B42A-5FC5D504BF52}.Release|Any CPU.Build.0 = Release|Any CPU
		{F34801C9-5E8A-48B4-8C69-D85FBA03684A}.Debug|Any CPU.ActiveCfg = Debug|Any CPU
		{F34801C9-5E8A-48B4-8C69-D85FBA03684A}.Debug|Any CPU.Build.0 = Debug|Any CPU
		{F34801C9-5E8A-48B4-8C69-D85FBA03684A}.Release|Any CPU.ActiveCfg = Release|Any CPU
		{F34801C9-5E8A-48B4-8C69-D85FBA03684A}.Release|Any CPU.Build.0 = Release|Any CPU
	EndGlobalSection
	GlobalSection(SolutionProperties) = preSolution
		HideSolutionNode = FALSE
	EndGlobalSection
	GlobalSection(ExtensibilityGlobals) = postSolution
		SolutionGuid = {F1E57B25-D5DE-4945-A43C-48B56FD4E23D}
	EndGlobalSection
EndGlobal
